on: 
    pull_request:
        branches:
            main

permissions:
  contents: write

name: Generate Lockfile

jobs:
  generate-lock-file:
    runs-on: ubuntu-latest
    steps:
    - name: Get the branch name
      id: get-branch-name
      run: echo ::set-output name=BRANCH_NAME::${{ github.head_ref }}

    - name: Checkout repo 
      uses: actions/checkout@v4
      with:
        ref: ${{ steps.get-branch-name.outputs.BRANCH_NAME }}

    - name: Install Node
      uses: actions/setup-node@v4

    - name: Generate Lock File
      run: npm i --package-lock-only
      
    - name: Push Lock File
      run: |
        git config --global user.name 'fahad-githubaction'
        git config --global user.email 'fahadfaruqi1@gmail.com'
        git add .
        git commit -am "adding lockfile"
        git push origin ${{ steps.get-branch-name.outputs.BRANCH_NAME }}